{
  "version": 4,
  "terraform_version": "1.9.3",
  "serial": 25,
  "lineage": "15432ecf-53fe-a62b-793f-8b80013c02e2",
  "outputs": {
    "backup_vault_id": {
      "value": "/subscriptions/9e23ec51-4b5a-491f-b1dc-f9ccdf72ce80/resourceGroups/techdiversa-rg/providers/Microsoft.RecoveryServices/vaults/techdiversa-backup-vault",
      "type": "string"
    },
    "ddos_plan_id": {
      "value": "/subscriptions/9e23ec51-4b5a-491f-b1dc-f9ccdf72ce80/resourceGroups/techdiversa-rg/providers/Microsoft.Network/ddosProtectionPlans/techdiversa-ddos",
      "type": "string"
    },
    "firewall_public_ip": {
      "value": "40.122.54.100",
      "type": "string"
    },
    "key_vault_uri": {
      "value": "https://techdiversa-kv.vault.azure.net/",
      "type": "string"
    },
    "log_analytics_workspace_id": {
      "value": "/subscriptions/9e23ec51-4b5a-491f-b1dc-f9ccdf72ce80/resourceGroups/techdiversa-rg/providers/Microsoft.OperationalInsights/workspaces/techdiversa-law",
      "type": "string"
    },
    "resource_group_name": {
      "value": "techdiversa-rg",
      "type": "string"
    },
    "vnet_name": {
      "value": "techdiversa-vnet",
      "type": "string"
    }
  },
  "resources": [
    {
      "mode": "managed",
      "type": "azurerm_private_dns_zone",
      "name": "postgresql",
      "provider": "provider[\"registry.terraform.io/hashicorp/azurerm\"]",
      "instances": [
        {
          "schema_version": 0,
          "attributes": {
            "id": "/subscriptions/9e23ec51-4b5a-491f-b1dc-f9ccdf72ce80/resourceGroups/techdiversa-rg/providers/Microsoft.Network/privateDnsZones/privatelink.postgres.database.azure.com",
            "max_number_of_record_sets": 25000,
            "max_number_of_virtual_network_links": 1000,
            "max_number_of_virtual_network_links_with_registration": 100,
            "name": "privatelink.postgres.database.azure.com",
            "number_of_record_sets": 2,
            "resource_group_name": "techdiversa-rg",
            "soa_record": [
              {
                "email": "azureprivatedns-host.microsoft.com",
                "expire_time": 2419200,
                "fqdn": "privatelink.postgres.database.azure.com.",
                "host_name": "azureprivatedns.net",
                "minimum_ttl": 10,
                "refresh_time": 3600,
                "retry_time": 300,
                "serial_number": 1,
                "tags": {},
                "ttl": 3600
              }
            ],
            "tags": {},
            "timeouts": null
          },
          "sensitive_attributes": [],
          "private": "eyJlMmJmYjczMC1lY2FhLTExZTYtOGY4OC0zNDM2M2JjN2M0YzAiOnsiY3JlYXRlIjoxODAwMDAwMDAwMDAwLCJkZWxldGUiOjE4MDAwMDAwMDAwMDAsInJlYWQiOjMwMDAwMDAwMDAwMCwidXBkYXRlIjoxODAwMDAwMDAwMDAwfX0=",
          "dependencies": [
            "module.rg.azurerm_resource_group.main"
          ]
        }
      ]
    },
    {
      "module": "module.backup",
      "mode": "managed",
      "type": "azurerm_recovery_services_vault",
      "name": "main",
      "provider": "provider[\"registry.terraform.io/hashicorp/azurerm\"]",
      "instances": [
        {
          "schema_version": 0,
          "attributes": {
            "classic_vmware_replication_enabled": false,
            "cross_region_restore_enabled": false,
            "encryption": [],
            "id": "/subscriptions/9e23ec51-4b5a-491f-b1dc-f9ccdf72ce80/resourceGroups/techdiversa-rg/providers/Microsoft.RecoveryServices/vaults/techdiversa-backup-vault",
            "identity": [],
            "immutability": "Disabled",
            "location": "centralus",
            "monitoring": [],
            "name": "techdiversa-backup-vault",
            "public_network_access_enabled": true,
            "resource_group_name": "techdiversa-rg",
            "sku": "Standard",
            "soft_delete_enabled": true,
            "storage_mode_type": "GeoRedundant",
            "tags": {},
            "timeouts": null
          },
          "sensitive_attributes": [],
          "private": "eyJlMmJmYjczMC1lY2FhLTExZTYtOGY4OC0zNDM2M2JjN2M0YzAiOnsiY3JlYXRlIjo3MjAwMDAwMDAwMDAwLCJkZWxldGUiOjE4MDAwMDAwMDAwMDAsInJlYWQiOjMwMDAwMDAwMDAwMCwidXBkYXRlIjozNjAwMDAwMDAwMDAwfX0=",
          "dependencies": [
            "module.rg.azurerm_resource_group.main"
          ]
        }
      ]
    },
    {
      "module": "module.ddos",
      "mode": "managed",
      "type": "azurerm_network_ddos_protection_plan",
      "name": "main",
      "provider": "provider[\"registry.terraform.io/hashicorp/azurerm\"]",
      "instances": [
        {
          "schema_version": 0,
          "attributes": {
            "id": "/subscriptions/9e23ec51-4b5a-491f-b1dc-f9ccdf72ce80/resourceGroups/techdiversa-rg/providers/Microsoft.Network/ddosProtectionPlans/techdiversa-ddos",
            "location": "centralus",
            "name": "techdiversa-ddos",
            "resource_group_name": "techdiversa-rg",
            "tags": {},
            "timeouts": null,
            "virtual_network_ids": []
          },
          "sensitive_attributes": [],
          "private": "eyJlMmJmYjczMC1lY2FhLTExZTYtOGY4OC0zNDM2M2JjN2M0YzAiOnsiY3JlYXRlIjoxODAwMDAwMDAwMDAwLCJkZWxldGUiOjE4MDAwMDAwMDAwMDAsInJlYWQiOjMwMDAwMDAwMDAwMCwidXBkYXRlIjoxODAwMDAwMDAwMDAwfX0=",
          "dependencies": [
            "module.rg.azurerm_resource_group.main"
          ]
        }
      ]
    },
    {
      "module": "module.firewall",
      "mode": "managed",
      "type": "azurerm_firewall",
      "name": "main",
      "provider": "provider[\"registry.terraform.io/hashicorp/azurerm\"]",
      "instances": [
        {
          "schema_version": 0,
          "attributes": {
            "dns_proxy_enabled": false,
            "dns_servers": [],
            "firewall_policy_id": "",
            "id": "/subscriptions/9e23ec51-4b5a-491f-b1dc-f9ccdf72ce80/resourceGroups/techdiversa-rg/providers/Microsoft.Network/azureFirewalls/techdiversa-firewall",
            "ip_configuration": [
              {
                "name": "config",
                "private_ip_address": "10.0.1.4",
                "public_ip_address_id": "/subscriptions/9e23ec51-4b5a-491f-b1dc-f9ccdf72ce80/resourceGroups/techdiversa-rg/providers/Microsoft.Network/publicIPAddresses/fw-public-ip",
                "subnet_id": "/subscriptions/9e23ec51-4b5a-491f-b1dc-f9ccdf72ce80/resourceGroups/techdiversa-rg/providers/Microsoft.Network/virtualNetworks/techdiversa-vnet/subnets/AzureFirewallSubnet"
              }
            ],
            "location": "centralus",
            "management_ip_configuration": [],
            "name": "techdiversa-firewall",
            "private_ip_ranges": [],
            "resource_group_name": "techdiversa-rg",
            "sku_name": "AZFW_VNet",
            "sku_tier": "Standard",
            "tags": {},
            "threat_intel_mode": "Alert",
            "timeouts": null,
            "virtual_hub": [],
            "zones": []
          },
          "sensitive_attributes": [],
          "private": "eyJlMmJmYjczMC1lY2FhLTExZTYtOGY4OC0zNDM2M2JjN2M0YzAiOnsiY3JlYXRlIjo1NDAwMDAwMDAwMDAwLCJkZWxldGUiOjU0MDAwMDAwMDAwMDAsInJlYWQiOjMwMDAwMDAwMDAwMCwidXBkYXRlIjo1NDAwMDAwMDAwMDAwfX0=",
          "dependencies": [
            "module.firewall.azurerm_public_ip.fw_ip",
            "module.network.azurerm_subnet.public",
            "module.network.azurerm_virtual_network.main",
            "module.rg.azurerm_resource_group.main"
          ]
        }
      ]
    },
    {
      "module": "module.firewall",
      "mode": "managed",
      "type": "azurerm_public_ip",
      "name": "fw_ip",
      "provider": "provider[\"registry.terraform.io/hashicorp/azurerm\"]",
      "instances": [
        {
          "schema_version": 0,
          "attributes": {
            "allocation_method": "Static",
            "ddos_protection_mode": "VirtualNetworkInherited",
            "ddos_protection_plan_id": null,
            "domain_name_label": null,
            "domain_name_label_scope": null,
            "edge_zone": "",
            "fqdn": null,
            "id": "/subscriptions/9e23ec51-4b5a-491f-b1dc-f9ccdf72ce80/resourceGroups/techdiversa-rg/providers/Microsoft.Network/publicIPAddresses/fw-public-ip",
            "idle_timeout_in_minutes": 4,
            "ip_address": "40.122.54.100",
            "ip_tags": {},
            "ip_version": "IPv4",
            "location": "centralus",
            "name": "fw-public-ip",
            "public_ip_prefix_id": null,
            "resource_group_name": "techdiversa-rg",
            "reverse_fqdn": null,
            "sku": "Standard",
            "sku_tier": "Regional",
            "tags": {},
            "timeouts": null,
            "zones": []
          },
          "sensitive_attributes": [],
          "private": "eyJlMmJmYjczMC1lY2FhLTExZTYtOGY4OC0zNDM2M2JjN2M0YzAiOnsiY3JlYXRlIjoxODAwMDAwMDAwMDAwLCJkZWxldGUiOjE4MDAwMDAwMDAwMDAsInJlYWQiOjMwMDAwMDAwMDAwMCwidXBkYXRlIjoxODAwMDAwMDAwMDAwfX0=",
          "dependencies": [
            "module.rg.azurerm_resource_group.main"
          ]
        }
      ]
    },
    {
      "module": "module.identity",
      "mode": "managed",
      "type": "azurerm_user_assigned_identity",
      "name": "main",
      "provider": "provider[\"registry.terraform.io/hashicorp/azurerm\"]",
      "instances": [
        {
          "schema_version": 1,
          "attributes": {
            "client_id": "8c7a2df7-f9d1-4f21-a567-27f2224e0243",
            "id": "/subscriptions/9e23ec51-4b5a-491f-b1dc-f9ccdf72ce80/resourceGroups/techdiversa-rg/providers/Microsoft.ManagedIdentity/userAssignedIdentities/techdiversa-identity",
            "location": "centralus",
            "name": "techdiversa-identity",
            "principal_id": "e5cce8ff-8db6-4d90-a3c9-77d5447cd89a",
            "resource_group_name": "techdiversa-rg",
            "tags": {},
            "tenant_id": "eef324bc-349f-41c1-97d0-86a40a302174",
            "timeouts": null
          },
          "sensitive_attributes": [],
          "private": "eyJlMmJmYjczMC1lY2FhLTExZTYtOGY4OC0zNDM2M2JjN2M0YzAiOnsiY3JlYXRlIjoxODAwMDAwMDAwMDAwLCJkZWxldGUiOjE4MDAwMDAwMDAwMDAsInJlYWQiOjMwMDAwMDAwMDAwMCwidXBkYXRlIjoxODAwMDAwMDAwMDAwfSwic2NoZW1hX3ZlcnNpb24iOiIxIn0=",
          "dependencies": [
            "module.rg.azurerm_resource_group.main"
          ]
        }
      ]
    },
    {
      "module": "module.keyvault",
      "mode": "data",
      "type": "azurerm_client_config",
      "name": "current",
      "provider": "provider[\"registry.terraform.io/hashicorp/azurerm\"]",
      "instances": [
        {
          "schema_version": 0,
          "attributes": {
            "client_id": "04b07795-8ddb-461a-bbee-02f9e1bf7b46",
            "id": "Y2xpZW50Q29uZmlncy9jbGllbnRJZD0wNGIwNzc5NS04ZGRiLTQ2MWEtYmJlZS0wMmY5ZTFiZjdiNDY7b2JqZWN0SWQ9ZDNlNWYzNTMtNTAzZS00MTRlLWFjNTUtNzgyNTE4ZGE3NjNkO3N1YnNjcmlwdGlvbklkPTllMjNlYzUxLTRiNWEtNDkxZi1iMWRjLWY5Y2NkZjcyY2U4MDt0ZW5hbnRJZD1lZWYzMjRiYy0zNDlmLTQxYzEtOTdkMC04NmE0MGEzMDIxNzQ=",
            "object_id": "d3e5f353-503e-414e-ac55-782518da763d",
            "subscription_id": "9e23ec51-4b5a-491f-b1dc-f9ccdf72ce80",
            "tenant_id": "eef324bc-349f-41c1-97d0-86a40a302174",
            "timeouts": null
          },
          "sensitive_attributes": []
        }
      ]
    },
    {
      "module": "module.keyvault",
      "mode": "managed",
      "type": "azurerm_key_vault",
      "name": "main",
      "provider": "provider[\"registry.terraform.io/hashicorp/azurerm\"]",
      "instances": [
        {
          "schema_version": 2,
          "attributes": {
            "access_policy": [],
            "contact": [],
            "enable_rbac_authorization": false,
            "enabled_for_deployment": false,
            "enabled_for_disk_encryption": false,
            "enabled_for_template_deployment": false,
            "id": "/subscriptions/9e23ec51-4b5a-491f-b1dc-f9ccdf72ce80/resourceGroups/techdiversa-rg/providers/Microsoft.KeyVault/vaults/techdiversa-kv",
            "location": "centralus",
            "name": "techdiversa-kv",
            "network_acls": [
              {
                "bypass": "AzureServices",
                "default_action": "Allow",
                "ip_rules": [],
                "virtual_network_subnet_ids": []
              }
            ],
            "public_network_access_enabled": true,
            "purge_protection_enabled": false,
            "resource_group_name": "techdiversa-rg",
            "sku_name": "standard",
            "soft_delete_retention_days": 90,
            "tags": {},
            "tenant_id": "eef324bc-349f-41c1-97d0-86a40a302174",
            "timeouts": null,
            "vault_uri": "https://techdiversa-kv.vault.azure.net/"
          },
          "sensitive_attributes": [],
          "private": "eyJlMmJmYjczMC1lY2FhLTExZTYtOGY4OC0zNDM2M2JjN2M0YzAiOnsiY3JlYXRlIjoxODAwMDAwMDAwMDAwLCJkZWxldGUiOjE4MDAwMDAwMDAwMDAsInJlYWQiOjMwMDAwMDAwMDAwMCwidXBkYXRlIjoxODAwMDAwMDAwMDAwfSwic2NoZW1hX3ZlcnNpb24iOiIyIn0=",
          "dependencies": [
            "module.keyvault.data.azurerm_client_config.current",
            "module.rg.azurerm_resource_group.main"
          ]
        }
      ]
    },
    {
      "module": "module.network",
      "mode": "managed",
      "type": "azurerm_private_dns_zone_virtual_network_link",
      "name": "postgresql_link",
      "provider": "provider[\"registry.terraform.io/hashicorp/azurerm\"]",
      "instances": [
        {
          "schema_version": 0,
          "attributes": {
            "id": "/subscriptions/9e23ec51-4b5a-491f-b1dc-f9ccdf72ce80/resourceGroups/techdiversa-rg/providers/Microsoft.Network/privateDnsZones/privatelink.postgres.database.azure.com/virtualNetworkLinks/techdiversa-postgres-link",
            "name": "techdiversa-postgres-link",
            "private_dns_zone_name": "privatelink.postgres.database.azure.com",
            "registration_enabled": false,
            "resource_group_name": "techdiversa-rg",
            "tags": {},
            "timeouts": null,
            "virtual_network_id": "/subscriptions/9e23ec51-4b5a-491f-b1dc-f9ccdf72ce80/resourceGroups/techdiversa-rg/providers/Microsoft.Network/virtualNetworks/techdiversa-vnet"
          },
          "sensitive_attributes": [],
          "private": "eyJlMmJmYjczMC1lY2FhLTExZTYtOGY4OC0zNDM2M2JjN2M0YzAiOnsiY3JlYXRlIjoxODAwMDAwMDAwMDAwLCJkZWxldGUiOjE4MDAwMDAwMDAwMDAsInJlYWQiOjMwMDAwMDAwMDAwMCwidXBkYXRlIjoxODAwMDAwMDAwMDAwfX0=",
          "dependencies": [
            "azurerm_private_dns_zone.postgresql",
            "module.network.azurerm_virtual_network.main",
            "module.rg.azurerm_resource_group.main"
          ]
        }
      ]
    },
    {
      "module": "module.network",
      "mode": "managed",
      "type": "azurerm_subnet",
      "name": "postgresql",
      "provider": "provider[\"registry.terraform.io/hashicorp/azurerm\"]",
      "instances": [
        {
          "schema_version": 0,
          "attributes": {
            "address_prefixes": [
              "10.0.2.0/24"
            ],
            "default_outbound_access_enabled": true,
            "delegation": [
              {
                "name": "postgresql-delegation",
                "service_delegation": [
                  {
                    "actions": [
                      "Microsoft.Network/virtualNetworks/subnets/action"
                    ],
                    "name": "Microsoft.DBforPostgreSQL/flexibleServers"
                  }
                ]
              }
            ],
            "id": "/subscriptions/9e23ec51-4b5a-491f-b1dc-f9ccdf72ce80/resourceGroups/techdiversa-rg/providers/Microsoft.Network/virtualNetworks/techdiversa-vnet/subnets/postgresql-subnet",
            "name": "postgresql-subnet",
            "private_endpoint_network_policies": "Disabled",
            "private_link_service_network_policies_enabled": true,
            "resource_group_name": "techdiversa-rg",
            "service_endpoint_policy_ids": [],
            "service_endpoints": [],
            "timeouts": null,
            "virtual_network_name": "techdiversa-vnet"
          },
          "sensitive_attributes": [],
          "private": "eyJlMmJmYjczMC1lY2FhLTExZTYtOGY4OC0zNDM2M2JjN2M0YzAiOnsiY3JlYXRlIjoxODAwMDAwMDAwMDAwLCJkZWxldGUiOjE4MDAwMDAwMDAwMDAsInJlYWQiOjMwMDAwMDAwMDAwMCwidXBkYXRlIjoxODAwMDAwMDAwMDAwfX0=",
          "dependencies": [
            "module.network.azurerm_virtual_network.main",
            "module.rg.azurerm_resource_group.main"
          ]
        }
      ]
    },
    {
      "module": "module.network",
      "mode": "managed",
      "type": "azurerm_subnet",
      "name": "public",
      "provider": "provider[\"registry.terraform.io/hashicorp/azurerm\"]",
      "instances": [
        {
          "schema_version": 0,
          "attributes": {
            "address_prefixes": [
              "10.0.1.0/24"
            ],
            "default_outbound_access_enabled": true,
            "delegation": [],
            "id": "/subscriptions/9e23ec51-4b5a-491f-b1dc-f9ccdf72ce80/resourceGroups/techdiversa-rg/providers/Microsoft.Network/virtualNetworks/techdiversa-vnet/subnets/AzureFirewallSubnet",
            "name": "AzureFirewallSubnet",
            "private_endpoint_network_policies": "Disabled",
            "private_link_service_network_policies_enabled": true,
            "resource_group_name": "techdiversa-rg",
            "service_endpoint_policy_ids": [],
            "service_endpoints": [],
            "timeouts": null,
            "virtual_network_name": "techdiversa-vnet"
          },
          "sensitive_attributes": [],
          "private": "eyJlMmJmYjczMC1lY2FhLTExZTYtOGY4OC0zNDM2M2JjN2M0YzAiOnsiY3JlYXRlIjoxODAwMDAwMDAwMDAwLCJkZWxldGUiOjE4MDAwMDAwMDAwMDAsInJlYWQiOjMwMDAwMDAwMDAwMCwidXBkYXRlIjoxODAwMDAwMDAwMDAwfX0=",
          "dependencies": [
            "module.network.azurerm_virtual_network.main",
            "module.rg.azurerm_resource_group.main"
          ]
        }
      ]
    },
    {
      "module": "module.network",
      "mode": "managed",
      "type": "azurerm_subnet",
      "name": "web",
      "provider": "provider[\"registry.terraform.io/hashicorp/azurerm\"]",
      "instances": [
        {
          "schema_version": 0,
          "attributes": {
            "address_prefixes": [
              "10.0.10.0/24"
            ],
            "default_outbound_access_enabled": true,
            "delegation": [],
            "id": "/subscriptions/9e23ec51-4b5a-491f-b1dc-f9ccdf72ce80/resourceGroups/techdiversa-rg/providers/Microsoft.Network/virtualNetworks/techdiversa-vnet/subnets/web-subnet",
            "name": "web-subnet",
            "private_endpoint_network_policies": "Disabled",
            "private_link_service_network_policies_enabled": true,
            "resource_group_name": "techdiversa-rg",
            "service_endpoint_policy_ids": [],
            "service_endpoints": [],
            "timeouts": null,
            "virtual_network_name": "techdiversa-vnet"
          },
          "sensitive_attributes": [],
          "private": "eyJlMmJmYjczMC1lY2FhLTExZTYtOGY4OC0zNDM2M2JjN2M0YzAiOnsiY3JlYXRlIjoxODAwMDAwMDAwMDAwLCJkZWxldGUiOjE4MDAwMDAwMDAwMDAsInJlYWQiOjMwMDAwMDAwMDAwMCwidXBkYXRlIjoxODAwMDAwMDAwMDAwfX0=",
          "dependencies": [
            "module.network.azurerm_virtual_network.main",
            "module.rg.azurerm_resource_group.main"
          ]
        }
      ]
    },
    {
      "module": "module.network",
      "mode": "managed",
      "type": "azurerm_virtual_network",
      "name": "main",
      "provider": "provider[\"registry.terraform.io/hashicorp/azurerm\"]",
      "instances": [
        {
          "schema_version": 0,
          "attributes": {
            "address_space": [
              "10.0.0.0/16"
            ],
            "bgp_community": "",
            "ddos_protection_plan": [],
            "dns_servers": [],
            "edge_zone": "",
            "encryption": [],
            "flow_timeout_in_minutes": 0,
            "guid": "426438aa-8eb0-4ab4-8b50-0d8d8c09060d",
            "id": "/subscriptions/9e23ec51-4b5a-491f-b1dc-f9ccdf72ce80/resourceGroups/techdiversa-rg/providers/Microsoft.Network/virtualNetworks/techdiversa-vnet",
            "location": "centralus",
            "name": "techdiversa-vnet",
            "private_endpoint_vnet_policies": "Disabled",
            "resource_group_name": "techdiversa-rg",
            "subnet": [
              {
                "address_prefixes": [
                  "10.0.1.0/24"
                ],
                "default_outbound_access_enabled": true,
                "delegation": [],
                "id": "/subscriptions/9e23ec51-4b5a-491f-b1dc-f9ccdf72ce80/resourceGroups/techdiversa-rg/providers/Microsoft.Network/virtualNetworks/techdiversa-vnet/subnets/AzureFirewallSubnet",
                "name": "AzureFirewallSubnet",
                "private_endpoint_network_policies": "Disabled",
                "private_link_service_network_policies_enabled": true,
                "route_table_id": "",
                "security_group": "",
                "service_endpoint_policy_ids": [],
                "service_endpoints": []
              },
              {
                "address_prefixes": [
                  "10.0.10.0/24"
                ],
                "default_outbound_access_enabled": true,
                "delegation": [],
                "id": "/subscriptions/9e23ec51-4b5a-491f-b1dc-f9ccdf72ce80/resourceGroups/techdiversa-rg/providers/Microsoft.Network/virtualNetworks/techdiversa-vnet/subnets/web-subnet",
                "name": "web-subnet",
                "private_endpoint_network_policies": "Disabled",
                "private_link_service_network_policies_enabled": true,
                "route_table_id": "",
                "security_group": "",
                "service_endpoint_policy_ids": [],
                "service_endpoints": []
              },
              {
                "address_prefixes": [
                  "10.0.2.0/24"
                ],
                "default_outbound_access_enabled": true,
                "delegation": [
                  {
                    "name": "postgresql-delegation",
                    "service_delegation": [
                      {
                        "actions": [
                          "Microsoft.Network/virtualNetworks/subnets/join/action"
                        ],
                        "name": "Microsoft.DBforPostgreSQL/flexibleServers"
                      }
                    ]
                  }
                ],
                "id": "/subscriptions/9e23ec51-4b5a-491f-b1dc-f9ccdf72ce80/resourceGroups/techdiversa-rg/providers/Microsoft.Network/virtualNetworks/techdiversa-vnet/subnets/postgresql-subnet",
                "name": "postgresql-subnet",
                "private_endpoint_network_policies": "Disabled",
                "private_link_service_network_policies_enabled": true,
                "route_table_id": "",
                "security_group": "",
                "service_endpoint_policy_ids": [],
                "service_endpoints": [
                  "Microsoft.Storage"
                ]
              }
            ],
            "tags": {},
            "timeouts": null
          },
          "sensitive_attributes": [],
          "private": "eyJlMmJmYjczMC1lY2FhLTExZTYtOGY4OC0zNDM2M2JjN2M0YzAiOnsiY3JlYXRlIjoxODAwMDAwMDAwMDAwLCJkZWxldGUiOjE4MDAwMDAwMDAwMDAsInJlYWQiOjMwMDAwMDAwMDAwMCwidXBkYXRlIjoxODAwMDAwMDAwMDAwfX0=",
          "dependencies": [
            "module.rg.azurerm_resource_group.main"
          ]
        }
      ]
    },
    {
      "module": "module.postgresql",
      "mode": "managed",
      "type": "azurerm_postgresql_flexible_server",
      "name": "db",
      "provider": "provider[\"registry.terraform.io/hashicorp/azurerm\"]",
      "instances": [
        {
          "schema_version": 0,
          "attributes": {
            "administrator_login": "dbadmin",
            "administrator_password": "SuperSecurePassword123!",
            "administrator_password_wo": null,
            "administrator_password_wo_version": 0,
            "authentication": [
              {
                "active_directory_auth_enabled": false,
                "password_auth_enabled": true,
                "tenant_id": ""
              }
            ],
            "auto_grow_enabled": false,
            "backup_retention_days": 7,
            "create_mode": null,
            "customer_managed_key": [],
            "delegated_subnet_id": "/subscriptions/9e23ec51-4b5a-491f-b1dc-f9ccdf72ce80/resourceGroups/techdiversa-rg/providers/Microsoft.Network/virtualNetworks/techdiversa-vnet/subnets/postgresql-subnet",
            "fqdn": "techdiversa-db.postgres.database.azure.com",
            "geo_redundant_backup_enabled": false,
            "high_availability": [],
            "id": "/subscriptions/9e23ec51-4b5a-491f-b1dc-f9ccdf72ce80/resourceGroups/techdiversa-rg/providers/Microsoft.DBforPostgreSQL/flexibleServers/techdiversa-db",
            "identity": [],
            "location": "centralus",
            "maintenance_window": [],
            "name": "techdiversa-db",
            "point_in_time_restore_time_in_utc": null,
            "private_dns_zone_id": "/subscriptions/9e23ec51-4b5a-491f-b1dc-f9ccdf72ce80/resourceGroups/techdiversa-rg/providers/Microsoft.Network/privateDnsZones/privatelink.postgres.database.azure.com",
            "public_network_access_enabled": false,
            "replication_role": "",
            "resource_group_name": "techdiversa-rg",
            "sku_name": "GP_Standard_D2s_v3",
            "source_server_id": null,
            "storage_mb": 32768,
            "storage_tier": "P4",
            "tags": {},
            "timeouts": null,
            "version": "13",
            "zone": "1"
          },
          "sensitive_attributes": [
            [
              {
                "type": "get_attr",
                "value": "administrator_password"
              }
            ]
          ],
          "private": "eyJlMmJmYjczMC1lY2FhLTExZTYtOGY4OC0zNDM2M2JjN2M0YzAiOnsiY3JlYXRlIjozNjAwMDAwMDAwMDAwLCJkZWxldGUiOjM2MDAwMDAwMDAwMDAsInJlYWQiOjMwMDAwMDAwMDAwMCwidXBkYXRlIjozNjAwMDAwMDAwMDAwfX0=",
          "dependencies": [
            "azurerm_private_dns_zone.postgresql",
            "module.network.azurerm_subnet.postgresql",
            "module.network.azurerm_virtual_network.main",
            "module.rg.azurerm_resource_group.main"
          ]
        }
      ]
    },
    {
      "module": "module.rg",
      "mode": "managed",
      "type": "azurerm_resource_group",
      "name": "main",
      "provider": "provider[\"registry.terraform.io/hashicorp/azurerm\"]",
      "instances": [
        {
          "schema_version": 0,
          "attributes": {
            "id": "/subscriptions/9e23ec51-4b5a-491f-b1dc-f9ccdf72ce80/resourceGroups/techdiversa-rg",
            "location": "centralus",
            "managed_by": "",
            "name": "techdiversa-rg",
            "tags": {},
            "timeouts": null
          },
          "sensitive_attributes": [],
          "private": "eyJlMmJmYjczMC1lY2FhLTExZTYtOGY4OC0zNDM2M2JjN2M0YzAiOnsiY3JlYXRlIjo1NDAwMDAwMDAwMDAwLCJkZWxldGUiOjU0MDAwMDAwMDAwMDAsInJlYWQiOjMwMDAwMDAwMDAwMCwidXBkYXRlIjo1NDAwMDAwMDAwMDAwfSwic2NoZW1hX3ZlcnNpb24iOiIwIn0="
        }
      ]
    },
    {
      "module": "module.security",
      "mode": "managed",
      "type": "azurerm_security_center_contact",
      "name": "example",
      "provider": "provider[\"registry.terraform.io/hashicorp/azurerm\"]",
      "instances": [
        {
          "schema_version": 0,
          "attributes": {
            "alert_notifications": true,
            "alerts_to_admins": true,
            "email": "security@techdiversa.com",
            "id": "/subscriptions/9e23ec51-4b5a-491f-b1dc-f9ccdf72ce80/providers/Microsoft.Security/securityContacts/example",
            "name": "example",
            "phone": "+1-222-2222222",
            "timeouts": null
          },
          "sensitive_attributes": [],
          "private": "eyJlMmJmYjczMC1lY2FhLTExZTYtOGY4OC0zNDM2M2JjN2M0YzAiOnsiY3JlYXRlIjozNjAwMDAwMDAwMDAwLCJkZWxldGUiOjM2MDAwMDAwMDAwMDAsInJlYWQiOjMwMDAwMDAwMDAwMCwidXBkYXRlIjozNjAwMDAwMDAwMDAwfX0="
        }
      ]
    },
    {
      "module": "module.sentinel",
      "mode": "managed",
      "type": "azurerm_log_analytics_workspace",
      "name": "main",
      "provider": "provider[\"registry.terraform.io/hashicorp/azurerm\"]",
      "instances": [
        {
          "schema_version": 3,
          "attributes": {
            "allow_resource_only_permissions": true,
            "cmk_for_query_forced": false,
            "daily_quota_gb": -1,
            "data_collection_rule_id": "",
            "id": "/subscriptions/9e23ec51-4b5a-491f-b1dc-f9ccdf72ce80/resourceGroups/techdiversa-rg/providers/Microsoft.OperationalInsights/workspaces/techdiversa-law",
            "identity": [],
            "immediate_data_purge_on_30_days_enabled": false,
            "internet_ingestion_enabled": true,
            "internet_query_enabled": true,
            "local_authentication_disabled": false,
            "location": "centralus",
            "name": "techdiversa-law",
            "primary_shared_key": "5NRj9ah0JZJdlDySRtz8Na+WNlv17s8JwLpC1I2i5KsffBeTM7f/GrivMETVSRU2NwCySh7r8EF1pDaHzuxuzw==",
            "reservation_capacity_in_gb_per_day": null,
            "resource_group_name": "techdiversa-rg",
            "retention_in_days": 30,
            "secondary_shared_key": "6Ka4Vk+QS975mDJYIFs/5Wf9mX5AR8oLpCypOOtkXtw90Z0sXmQlZEkDiivJ/dHi5KJAm/dKSdD2SpOGFFuQ5A==",
            "sku": "PerGB2018",
            "tags": {},
            "timeouts": null,
            "workspace_id": "a00dde84-4ace-4492-8243-ad8dcabf65b3"
          },
          "sensitive_attributes": [
            [
              {
                "type": "get_attr",
                "value": "primary_shared_key"
              }
            ],
            [
              {
                "type": "get_attr",
                "value": "secondary_shared_key"
              }
            ]
          ],
          "private": "eyJlMmJmYjczMC1lY2FhLTExZTYtOGY4OC0zNDM2M2JjN2M0YzAiOnsiY3JlYXRlIjoxODAwMDAwMDAwMDAwLCJkZWxldGUiOjE4MDAwMDAwMDAwMDAsInJlYWQiOjMwMDAwMDAwMDAwMCwidXBkYXRlIjoxODAwMDAwMDAwMDAwfSwic2NoZW1hX3ZlcnNpb24iOiIzIn0=",
          "dependencies": [
            "module.rg.azurerm_resource_group.main"
          ]
        }
      ]
    },
    {
      "module": "module.vm",
      "mode": "managed",
      "type": "azurerm_linux_virtual_machine",
      "name": "web",
      "provider": "provider[\"registry.terraform.io/hashicorp/azurerm\"]",
      "instances": [
        {
          "schema_version": 0,
          "attributes": {
            "additional_capabilities": [],
            "admin_password": "Azure12345678!",
            "admin_ssh_key": [],
            "admin_username": "azureuser",
            "allow_extension_operations": true,
            "availability_set_id": "",
            "boot_diagnostics": [],
            "bypass_platform_safety_checks_on_user_schedule_enabled": false,
            "capacity_reservation_group_id": "",
            "computer_name": "techdiversa-vm",
            "custom_data": "IyEvYmluL2Jhc2gKYXB0LWdldCB1cGRhdGUgLXkKYXB0LWdldCBpbnN0YWxsIC15IGFwYWNoZTIKZWNobyAiwqFIb2xhIGRlc2RlIFRlY2hEaXZlcnNhIFZNIGVuIEF6dXJlISIgPiAvdmFyL3d3dy9odG1sL2luZGV4Lmh0bWwKc3lzdGVtY3RsIHN0YXJ0IGFwYWNoZTIKc3lzdGVtY3RsIGVuYWJsZSBhcGFjaGUyCg==",
            "dedicated_host_group_id": "",
            "dedicated_host_id": "",
            "disable_password_authentication": false,
            "disk_controller_type": "SCSI",
            "edge_zone": "",
            "encryption_at_host_enabled": false,
            "eviction_policy": "",
            "extensions_time_budget": "PT1H30M",
            "gallery_application": [],
            "id": "/subscriptions/9e23ec51-4b5a-491f-b1dc-f9ccdf72ce80/resourceGroups/techdiversa-rg/providers/Microsoft.Compute/virtualMachines/techdiversa-vm",
            "identity": [],
            "license_type": "",
            "location": "centralus",
            "max_bid_price": -1,
            "name": "techdiversa-vm",
            "network_interface_ids": [
              "/subscriptions/9e23ec51-4b5a-491f-b1dc-f9ccdf72ce80/resourceGroups/techdiversa-rg/providers/Microsoft.Network/networkInterfaces/techdiversa-nic"
            ],
            "os_disk": [
              {
                "caching": "ReadWrite",
                "diff_disk_settings": [],
                "disk_encryption_set_id": "",
                "disk_size_gb": 30,
                "id": "/subscriptions/9e23ec51-4b5a-491f-b1dc-f9ccdf72ce80/resourceGroups/techdiversa-rg/providers/Microsoft.Compute/disks/techdiversa-osdisk",
                "name": "techdiversa-osdisk",
                "secure_vm_disk_encryption_set_id": "",
                "security_encryption_type": "",
                "storage_account_type": "Standard_LRS",
                "write_accelerator_enabled": false
              }
            ],
            "os_image_notification": [],
            "patch_assessment_mode": "ImageDefault",
            "patch_mode": "ImageDefault",
            "plan": [],
            "platform_fault_domain": -1,
            "priority": "Regular",
            "private_ip_address": "10.0.10.4",
            "private_ip_addresses": [
              "10.0.10.4"
            ],
            "provision_vm_agent": true,
            "proximity_placement_group_id": "",
            "public_ip_address": "13.67.173.34",
            "public_ip_addresses": [
              "13.67.173.34"
            ],
            "reboot_setting": "",
            "resource_group_name": "techdiversa-rg",
            "secret": [],
            "secure_boot_enabled": false,
            "size": "Standard_B1s",
            "source_image_id": "",
            "source_image_reference": [
              {
                "offer": "0001-com-ubuntu-server-focal",
                "publisher": "Canonical",
                "sku": "20_04-lts-gen2",
                "version": "latest"
              }
            ],
            "tags": {},
            "termination_notification": [],
            "timeouts": null,
            "user_data": "",
            "virtual_machine_id": "8293a058-8881-48a5-ad60-f8f428d22b8e",
            "virtual_machine_scale_set_id": "",
            "vm_agent_platform_updates_enabled": false,
            "vtpm_enabled": false,
            "zone": ""
          },
          "sensitive_attributes": [
            [
              {
                "type": "get_attr",
                "value": "admin_password"
              }
            ],
            [
              {
                "type": "get_attr",
                "value": "custom_data"
              }
            ]
          ],
          "private": "eyJlMmJmYjczMC1lY2FhLTExZTYtOGY4OC0zNDM2M2JjN2M0YzAiOnsiY3JlYXRlIjoyNzAwMDAwMDAwMDAwLCJkZWxldGUiOjI3MDAwMDAwMDAwMDAsInJlYWQiOjMwMDAwMDAwMDAwMCwidXBkYXRlIjoyNzAwMDAwMDAwMDAwfX0=",
          "dependencies": [
            "module.network.azurerm_subnet.web",
            "module.network.azurerm_virtual_network.main",
            "module.rg.azurerm_resource_group.main",
            "module.vm.azurerm_network_interface.vm_nic",
            "module.vm.azurerm_public_ip.vm_ip"
          ]
        }
      ]
    },
    {
      "module": "module.vm",
      "mode": "managed",
      "type": "azurerm_network_interface",
      "name": "vm_nic",
      "provider": "provider[\"registry.terraform.io/hashicorp/azurerm\"]",
      "instances": [
        {
          "schema_version": 0,
          "attributes": {
            "accelerated_networking_enabled": false,
            "applied_dns_servers": [],
            "auxiliary_mode": "",
            "auxiliary_sku": "",
            "dns_servers": [],
            "edge_zone": "",
            "id": "/subscriptions/9e23ec51-4b5a-491f-b1dc-f9ccdf72ce80/resourceGroups/techdiversa-rg/providers/Microsoft.Network/networkInterfaces/techdiversa-nic",
            "internal_dns_name_label": "",
            "internal_domain_name_suffix": "vi2giqvqr00evc0qbwgyycigbf.gx.internal.cloudapp.net",
            "ip_configuration": [
              {
                "gateway_load_balancer_frontend_ip_configuration_id": "",
                "name": "internal",
                "primary": true,
                "private_ip_address": "10.0.10.4",
                "private_ip_address_allocation": "Dynamic",
                "private_ip_address_version": "IPv4",
                "public_ip_address_id": "/subscriptions/9e23ec51-4b5a-491f-b1dc-f9ccdf72ce80/resourceGroups/techdiversa-rg/providers/Microsoft.Network/publicIPAddresses/techdiversa-vm-ip",
                "subnet_id": "/subscriptions/9e23ec51-4b5a-491f-b1dc-f9ccdf72ce80/resourceGroups/techdiversa-rg/providers/Microsoft.Network/virtualNetworks/techdiversa-vnet/subnets/web-subnet"
              }
            ],
            "ip_forwarding_enabled": false,
            "location": "centralus",
            "mac_address": "00-0D-3A-9F-B9-80",
            "name": "techdiversa-nic",
            "private_ip_address": "10.0.10.4",
            "private_ip_addresses": [
              "10.0.10.4"
            ],
            "resource_group_name": "techdiversa-rg",
            "tags": {},
            "timeouts": null,
            "virtual_machine_id": "/subscriptions/9e23ec51-4b5a-491f-b1dc-f9ccdf72ce80/resourceGroups/techdiversa-rg/providers/Microsoft.Compute/virtualMachines/techdiversa-vm"
          },
          "sensitive_attributes": [],
          "private": "eyJlMmJmYjczMC1lY2FhLTExZTYtOGY4OC0zNDM2M2JjN2M0YzAiOnsiY3JlYXRlIjoxODAwMDAwMDAwMDAwLCJkZWxldGUiOjE4MDAwMDAwMDAwMDAsInJlYWQiOjMwMDAwMDAwMDAwMCwidXBkYXRlIjoxODAwMDAwMDAwMDAwfX0=",
          "dependencies": [
            "module.network.azurerm_subnet.web",
            "module.network.azurerm_virtual_network.main",
            "module.rg.azurerm_resource_group.main",
            "module.vm.azurerm_public_ip.vm_ip"
          ]
        }
      ]
    },
    {
      "module": "module.vm",
      "mode": "managed",
      "type": "azurerm_public_ip",
      "name": "vm_ip",
      "provider": "provider[\"registry.terraform.io/hashicorp/azurerm\"]",
      "instances": [
        {
          "schema_version": 0,
          "attributes": {
            "allocation_method": "Static",
            "ddos_protection_mode": "VirtualNetworkInherited",
            "ddos_protection_plan_id": null,
            "domain_name_label": null,
            "domain_name_label_scope": null,
            "edge_zone": "",
            "fqdn": null,
            "id": "/subscriptions/9e23ec51-4b5a-491f-b1dc-f9ccdf72ce80/resourceGroups/techdiversa-rg/providers/Microsoft.Network/publicIPAddresses/techdiversa-vm-ip",
            "idle_timeout_in_minutes": 4,
            "ip_address": "13.67.173.34",
            "ip_tags": {},
            "ip_version": "IPv4",
            "location": "centralus",
            "name": "techdiversa-vm-ip",
            "public_ip_prefix_id": null,
            "resource_group_name": "techdiversa-rg",
            "reverse_fqdn": null,
            "sku": "Basic",
            "sku_tier": "Regional",
            "tags": {},
            "timeouts": null,
            "zones": []
          },
          "sensitive_attributes": [],
          "private": "eyJlMmJmYjczMC1lY2FhLTExZTYtOGY4OC0zNDM2M2JjN2M0YzAiOnsiY3JlYXRlIjoxODAwMDAwMDAwMDAwLCJkZWxldGUiOjE4MDAwMDAwMDAwMDAsInJlYWQiOjMwMDAwMDAwMDAwMCwidXBkYXRlIjoxODAwMDAwMDAwMDAwfX0=",
          "dependencies": [
            "module.rg.azurerm_resource_group.main"
          ]
        }
      ]
    }
  ],
  "check_results": null
}
