{
  "version": 4,
  "terraform_version": "1.9.3",
  "serial": 85,
  "lineage": "15432ecf-53fe-a62b-793f-8b80013c02e2",
  "outputs": {},
  "resources": [
    {
      "module": "module.keyvault",
      "mode": "data",
      "type": "azurerm_client_config",
      "name": "current",
      "provider": "provider[\"registry.terraform.io/hashicorp/azurerm\"]",
      "instances": [
        {
          "schema_version": 0,
          "attributes": {
            "client_id": "04b07795-8ddb-461a-bbee-02f9e1bf7b46",
            "id": "Y2xpZW50Q29uZmlncy9jbGllbnRJZD0wNGIwNzc5NS04ZGRiLTQ2MWEtYmJlZS0wMmY5ZTFiZjdiNDY7b2JqZWN0SWQ9ZDNlNWYzNTMtNTAzZS00MTRlLWFjNTUtNzgyNTE4ZGE3NjNkO3N1YnNjcmlwdGlvbklkPTllMjNlYzUxLTRiNWEtNDkxZi1iMWRjLWY5Y2NkZjcyY2U4MDt0ZW5hbnRJZD1lZWYzMjRiYy0zNDlmLTQxYzEtOTdkMC04NmE0MGEzMDIxNzQ=",
            "object_id": "d3e5f353-503e-414e-ac55-782518da763d",
            "subscription_id": "9e23ec51-4b5a-491f-b1dc-f9ccdf72ce80",
            "tenant_id": "eef324bc-349f-41c1-97d0-86a40a302174",
            "timeouts": null
          },
          "sensitive_attributes": []
        }
      ]
    },
    {
      "module": "module.keyvault",
      "mode": "managed",
      "type": "azurerm_key_vault",
      "name": "main",
      "provider": "provider[\"registry.terraform.io/hashicorp/azurerm\"]",
      "instances": [
        {
          "schema_version": 2,
          "attributes": {
            "access_policy": [],
            "contact": [],
            "enable_rbac_authorization": false,
            "enabled_for_deployment": false,
            "enabled_for_disk_encryption": false,
            "enabled_for_template_deployment": false,
            "id": "/subscriptions/9e23ec51-4b5a-491f-b1dc-f9ccdf72ce80/resourceGroups/techdiversa-rg/providers/Microsoft.KeyVault/vaults/techdiversa-kv",
            "location": "centralus",
            "name": "techdiversa-kv",
            "network_acls": [
              {
                "bypass": "AzureServices",
                "default_action": "Allow",
                "ip_rules": [],
                "virtual_network_subnet_ids": []
              }
            ],
            "public_network_access_enabled": true,
            "purge_protection_enabled": false,
            "resource_group_name": "techdiversa-rg",
            "sku_name": "standard",
            "soft_delete_retention_days": 90,
            "tags": {},
            "tenant_id": "eef324bc-349f-41c1-97d0-86a40a302174",
            "timeouts": null,
            "vault_uri": "https://techdiversa-kv.vault.azure.net/"
          },
          "sensitive_attributes": [],
          "private": "eyJlMmJmYjczMC1lY2FhLTExZTYtOGY4OC0zNDM2M2JjN2M0YzAiOnsiY3JlYXRlIjoxODAwMDAwMDAwMDAwLCJkZWxldGUiOjE4MDAwMDAwMDAwMDAsInJlYWQiOjMwMDAwMDAwMDAwMCwidXBkYXRlIjoxODAwMDAwMDAwMDAwfSwic2NoZW1hX3ZlcnNpb24iOiIyIn0=",
          "dependencies": [
            "module.keyvault.data.azurerm_client_config.current",
            "module.rg.azurerm_resource_group.main"
          ]
        }
      ]
    },
    {
      "module": "module.rg",
      "mode": "managed",
      "type": "azurerm_resource_group",
      "name": "main",
      "provider": "provider[\"registry.terraform.io/hashicorp/azurerm\"]",
      "instances": [
        {
          "schema_version": 0,
          "attributes": {
            "id": "/subscriptions/9e23ec51-4b5a-491f-b1dc-f9ccdf72ce80/resourceGroups/techdiversa-rg",
            "location": "centralus",
            "managed_by": "",
            "name": "techdiversa-rg",
            "tags": {},
            "timeouts": null
          },
          "sensitive_attributes": [],
          "private": "eyJlMmJmYjczMC1lY2FhLTExZTYtOGY4OC0zNDM2M2JjN2M0YzAiOnsiY3JlYXRlIjo1NDAwMDAwMDAwMDAwLCJkZWxldGUiOjU0MDAwMDAwMDAwMDAsInJlYWQiOjMwMDAwMDAwMDAwMCwidXBkYXRlIjo1NDAwMDAwMDAwMDAwfX0="
        }
      ]
    }
  ],
  "check_results": null
}
